{
  "name": "nsapi",
  "version": "0.1.0",
  "dependencies": {
    "@types/node": {
      "version": "6.0.46",
      "from": "@types/node@>=6.0.46 <7.0.0",
      "resolved": "https://registry.npmjs.org/@types/node/-/node-6.0.46.tgz"
    },
    "lodash": {
      "version": "4.16.6",
      "from": "lodash@>=4.0.0 <5.0.0",
      "resolved": "https://registry.npmjs.org/lodash/-/lodash-4.16.6.tgz"
    },
    "sax": {
      "version": "1.2.1",
      "from": "sax@>=0.6.0",
      "resolved": "https://registry.npmjs.org/sax/-/sax-1.2.1.tgz"
    },
    "xml2js": {
      "version": "0.4.17",
      "from": "xml2js@>=0.4.17 <0.5.0",
      "resolved": "https://registry.npmjs.org/xml2js/-/xml2js-0.4.17.tgz"
    },
    "xmlbuilder": {
      "version": "4.2.1",
      "from": "xmlbuilder@>=4.1.0 <5.0.0",
      "resolved": "https://registry.npmjs.org/xmlbuilder/-/xmlbuilder-4.2.1.tgz"
    }
  }
}
